github.com/gempir/go-twitch-irc/v4 v4.2.0 h1:OCeff+1aH4CZIOxgKOJ8dQjh+1ppC6sLWrXOcpGZyq4=
github.com/gempir/go-twitch-irc/v4 v4.2.0/go.mod h1:QsOMMAk470uxQ7EYD9GJBGAVqM/jDrXBNbuePfTauzg=
github.com/go-echarts/go-echarts/v2 v2.5.3 h1:5SFAA6bAIWz52VnVGlCM1UZXo8nSdN+H9E8Ysi4m5ec=
github.com/go-echarts/go-echarts/v2 v2.5.3/go.mod h1:56YlvzhW/a+du15f3S2qUGNDfKnFOeJSThBIrVFHDtI=
github.com/go-resty/resty/v2 v2.16.5 h1:hBKqmWrr7uRc3euHVqmh1HTHcKn99Smr7o5spptdhTM=
github.com/go-resty/resty/v2 v2.16.5/go.mod h1:hkJtXbA2iKHzJheXYvQ8snQES5ZLGKMwQ07xAwp/fiA=
golang.org/x/net v0.33.0 h1:74SYHlV8BIgHIFC/LrYkOGIwL19eTYXQ5wc6TBuO36I=
golang.org/x/net v0.33.0/go.mod h1:HXLR5J+9DxmrqMwG9qjGCxZ+zKXxBru04zlTvWlWuN4=
